
Microsoft Visual Studio Solution File, Format Version 12.00
# Visual Studio Version 17
VisualStudioVersion = 17.2.32526.322
MinimumVisualStudioVersion = 10.0.40219.1
Project("{FAE04EC0-301F-11D3-BF4B-00C04F79EFBC}") = "AsyncBreakfast", "AsyncBreakfast\AsyncBreakfast.csproj", "{7879C456-7CC0-4BDB-B84A-8E57D6AE128E}"
EndProject
Global
	GlobalSection(SolutionConfigurationPlatforms) = preSolution
		Debug|Any CPU = Debug|Any CPU
		Release|Any CPU = Release|Any CPU
	EndGlobalSection
	GlobalSection(ProjectConfigurationPlatforms) = postSolution
		{7879C456-7CC0-4BDB-B84A-8E57D6AE128E}.Debug|Any CPU.ActiveCfg = Debug|Any CPU
		{7879C456-7CC0-4BDB-B84A-8E57D6AE128E}.Debug|Any CPU.Build.0 = Debug|Any CPU
		{7879C456-7CC0-4BDB-B84A-8E57D6AE128E}.Release|Any CPU.ActiveCfg = Release|Any CPU
		{7879C456-7CC0-4BDB-B84A-8E57D6AE128E}.Release|Any CPU.Build.0 = Release|Any CPU
	EndGlobalSection
	GlobalSection(SolutionProperties) = preSolution
		HideSolutionNode = FALSE
	EndGlobalSection
	GlobalSection(ExtensibilityGlobals) = postSolution
		SolutionGuid = {E794C5EF-8AC8-43B3-B476-C42144E11980}
	EndGlobalSection
EndGlobal
